// !$*UTF8*$!
{
	archiveVersion = 1;
	classes = {
	};
	objectVersion = 77;
	objects = {

/* Begin PBXBuildFile section */
		270FDB342EF70529002E835A /* Subprocess in Frameworks */ = {isa = PBXBuildFile; productRef = 270FDA8E2EF70300002E835A /* Subprocess */; };
		270FDB352EF70529002E835A /* FP in Frameworks */ = {isa = PBXBuildFile; productRef = 270FDA902EF70400002E835A /* FP */; };
/* End PBXBuildFile section */

/* Begin PBXContainerItemProxy section */
		270FDA712EF70204002E835A /* PBXContainerItemProxy */ = {
			isa = PBXContainerItemProxy;
			containerPortal = 270FDA5B2EF70203002E835A /* Project object */;
			proxyType = 1;
			remoteGlobalIDString = 270FDA622EF70203002E835A;
			remoteInfo = Archives;
		};
		270FDA7B2EF70204002E835A /* PBXContainerItemProxy */ = {
			isa = PBXContainerItemProxy;
			containerPortal = 270FDA5B2EF70203002E835A /* Project object */;
			proxyType = 1;
			remoteGlobalIDString = 270FDA622EF70203002E835A;
			remoteInfo = Archives;
		};
/* End PBXContainerItemProxy section */

/* Begin PBXFileReference section */
		270FDA632EF70203002E835A /* Archives.app */ = {isa = PBXFileReference; explicitFileType = wrapper.application; includeInIndex = 0; path = Archives.app; sourceTree = BUILT_PRODUCTS_DIR; };
		270FDA702EF70204002E835A /* ArchivesTests.xctest */ = {isa = PBXFileReference; explicitFileType = wrapper.cfbundle; includeInIndex = 0; path = ArchivesTests.xctest; sourceTree = BUILT_PRODUCTS_DIR; };
		270FDA7A2EF70204002E835A /* ArchivesUITests.xctest */ = {isa = PBXFileReference; explicitFileType = wrapper.cfbundle; includeInIndex = 0; path = ArchivesUITests.xctest; sourceTree = BUILT_PRODUCTS_DIR; };
/* End PBXFileReference section */

/* Begin PBXFileSystemSynchronizedRootGroup section */
		270FDA652EF70203002E835A /* Archives */ = {
			isa = PBXFileSystemSynchronizedRootGroup;
			path = Archives;
			sourceTree = "<group>";
		};
		270FDA732EF70204002E835A /* ArchivesTests */ = {
			isa = PBXFileSystemSynchronizedRootGroup;
			path = ArchivesTests;
			sourceTree = "<group>";
		};
		270FDA7D2EF70204002E835A /* ArchivesUITests */ = {
			isa = PBXFileSystemSynchronizedRootGroup;
			path = ArchivesUITests;
			sourceTree = "<group>";
		};
/* End PBXFileSystemSynchronizedRootGroup section */

/* Begin PBXFrameworksBuildPhase section */
		270FDA602EF70203002E835A /* Frameworks */ = {
			isa = PBXFrameworksBuildPhase;
			buildActionMask = 2147483647;
			files = (
				270FDB352EF70529002E835A /* FP in Frameworks */,
				270FDB342EF70529002E835A /* Subprocess in Frameworks */,
			);
			runOnlyForDeploymentPostprocessing = 0;
		};
		270FDA6D2EF70204002E835A /* Frameworks */ = {
			isa = PBXFrameworksBuildPhase;
			buildActionMask = 2147483647;
			files = (
			);
			runOnlyForDeploymentPostprocessing = 0;
		};
		270FDA772EF70204002E835A /* Frameworks */ = {
			isa = PBXFrameworksBuildPhase;
			buildActionMask = 2147483647;
			files = (
			);
			runOnlyForDeploymentPostprocessing = 0;
		};
/* End PBXFrameworksBuildPhase section */

/* Begin PBXGroup section */
		270FDA5A2EF70203002E835A = {
			isa = PBXGroup;
			children = (
				270FDA652EF70203002E835A /* Archives */,
				270FDA732EF70204002E835A /* ArchivesTests */,
				270FDA7D2EF70204002E835A /* ArchivesUITests */,
				270FDA642EF70203002E835A /* Products */,
			);
			sourceTree = "<group>";
		};
		270FDA642EF70203002E835A /* Products */ = {
			isa = PBXGroup;
			children = (
				270FDA632EF70203002E835A /* Archives.app */,
				270FDA702EF70204002E835A /* ArchivesTests.xctest */,
				270FDA7A2EF70204002E835A /* ArchivesUITests.xctest */,
			);
			name = Products;
			sourceTree = "<group>";
		};
/* End PBXGroup section */

/* Begin PBXNativeTarget section */
		270FDA622EF70203002E835A /* Archives */ = {
			isa = PBXNativeTarget;
			buildConfigurationList = 270FDA842EF70204002E835A /* Build configuration list for PBXNativeTarget "Archives" */;
			buildPhases = (
				270FDA5F2EF70203002E835A /* Sources */,
				270FDA602EF70203002E835A /* Frameworks */,
				270FDA612EF70203002E835A /* Resources */,
			);
			buildRules = (
			);
			dependencies = (
			);
			fileSystemSynchronizedGroups = (
				270FDA652EF70203002E835A /* Archives */,
			);
			name = Archives;
			packageProductDependencies = (
				270FDA8E2EF70300002E835A /* Subprocess */,
				270FDA902EF70400002E835A /* FP */,
			);
			productName = Archives;
			productReference = 270FDA632EF70203002E835A /* Archives.app */;
			productType = "com.apple.product-type.application";
		};
		270FDA6F2EF70204002E835A /* ArchivesTests */ = {
			isa = PBXNativeTarget;
			buildConfigurationList = 270FDA872EF70204002E835A /* Build configuration list for PBXNativeTarget "ArchivesTests" */;
			buildPhases = (
				270FDA6C2EF70204002E835A /* Sources */,
				270FDA6D2EF70204002E835A /* Frameworks */,
				270FDA6E2EF70204002E835A /* Resources */,
			);
			buildRules = (
			);
			dependencies = (
				270FDA722EF70204002E835A /* PBXTargetDependency */,
			);
			fileSystemSynchronizedGroups = (
				270FDA732EF70204002E835A /* ArchivesTests */,
			);
			name = ArchivesTests;
			packageProductDependencies = (
			);
			productName = ArchivesTests;
			productReference = 270FDA702EF70204002E835A /* ArchivesTests.xctest */;
			productType = "com.apple.product-type.bundle.unit-test";
		};
		270FDA792EF70204002E835A /* ArchivesUITests */ = {
			isa = PBXNativeTarget;
			buildConfigurationList = 270FDA8A2EF70204002E835A /* Build configuration list for PBXNativeTarget "ArchivesUITests" */;
			buildPhases = (
				270FDA762EF70204002E835A /* Sources */,
				270FDA772EF70204002E835A /* Frameworks */,
				270FDA782EF70204002E835A /* Resources */,
			);
			buildRules = (
			);
			dependencies = (
				270FDA7C2EF70204002E835A /* PBXTargetDependency */,
			);
			fileSystemSynchronizedGroups = (
				270FDA7D2EF70204002E835A /* ArchivesUITests */,
			);
			name = ArchivesUITests;
			packageProductDependencies = (
			);
			productName = ArchivesUITests;
			productReference = 270FDA7A2EF70204002E835A /* ArchivesUITests.xctest */;
			productType = "com.apple.product-type.bundle.ui-testing";
		};
/* End PBXNativeTarget section */

/* Begin PBXProject section */
		270FDA5B2EF70203002E835A /* Project object */ = {
			isa = PBXProject;
			attributes = {
				BuildIndependentTargetsInParallel = 1;
				LastSwiftUpdateCheck = 2620;
				LastUpgradeCheck = 2620;
				TargetAttributes = {
					270FDA622EF70203002E835A = {
						CreatedOnToolsVersion = 26.2;
					};
					270FDA6F2EF70204002E835A = {
						CreatedOnToolsVersion = 26.2;
						TestTargetID = 270FDA622EF70203002E835A;
					};
					270FDA792EF70204002E835A = {
						CreatedOnToolsVersion = 26.2;
						TestTargetID = 270FDA622EF70203002E835A;
					};
				};
			};
			buildConfigurationList = 270FDA5E2EF70203002E835A /* Build configuration list for PBXProject "Archives" */;
			developmentRegion = en;
			hasScannedForEncodings = 0;
			knownRegions = (
				en,
				Base,
			);
			mainGroup = 270FDA5A2EF70203002E835A;
			minimizedProjectReferenceProxies = 1;
			packageReferences = (
				270FDA8D2EF70300002E835A /* XCRemoteSwiftPackageReference "swift-subprocess" */,
				270FDA8F2EF70400002E835A /* XCRemoteSwiftPackageReference "fp-swift" */,
			);
			preferredProjectObjectVersion = 77;
			productRefGroup = 270FDA642EF70203002E835A /* Products */;
			projectDirPath = "";
			projectRoot = "";
			targets = (
				270FDA622EF70203002E835A /* Archives */,
				270FDA6F2EF70204002E835A /* ArchivesTests */,
				270FDA792EF70204002E835A /* ArchivesUITests */,
			);
		};
/* End PBXProject section */

/* Begin PBXResourcesBuildPhase section */
		270FDA612EF70203002E835A /* Resources */ = {
			isa = PBXResourcesBuildPhase;
			buildActionMask = 2147483647;
			files = (
			);
			runOnlyForDeploymentPostprocessing = 0;
		};
		270FDA6E2EF70204002E835A /* Resources */ = {
			isa = PBXResourcesBuildPhase;
			buildActionMask = 2147483647;
			files = (
			);
			runOnlyForDeploymentPostprocessing = 0;
		};
		270FDA782EF70204002E835A /* Resources */ = {
			isa = PBXResourcesBuildPhase;
			buildActionMask = 2147483647;
			files = (
			);
			runOnlyForDeploymentPostprocessing = 0;
		};
/* End PBXResourcesBuildPhase section */

/* Begin PBXSourcesBuildPhase section */
		270FDA5F2EF70203002E835A /* Sources */ = {
			isa = PBXSourcesBuildPhase;
			buildActionMask = 2147483647;
			files = (
			);
			runOnlyForDeploymentPostprocessing = 0;
		};
		270FDA6C2EF70204002E835A /* Sources */ = {
			isa = PBXSourcesBuildPhase;
			buildActionMask = 2147483647;
			files = (
			);
			runOnlyForDeploymentPostprocessing = 0;
		};
		270FDA762EF70204002E835A /* Sources */ = {
			isa = PBXSourcesBuildPhase;
			buildActionMask = 2147483647;
			files = (
			);
			runOnlyForDeploymentPostprocessing = 0;
		};
/* End PBXSourcesBuildPhase section */

/* Begin PBXTargetDependency section */
		270FDA722EF70204002E835A /* PBXTargetDependency */ = {
			isa = PBXTargetDependency;
			target = 270FDA622EF70203002E835A /* Archives */;
			targetProxy = 270FDA712EF70204002E835A /* PBXContainerItemProxy */;
		};
		270FDA7C2EF70204002E835A /* PBXTargetDependency */ = {
			isa = PBXTargetDependency;
			target = 270FDA622EF70203002E835A /* Archives */;
			targetProxy = 270FDA7B2EF70204002E835A /* PBXContainerItemProxy */;
		};
/* End PBXTargetDependency section */

/* Begin XCBuildConfiguration section */
		270FDA822EF70204002E835A /* Debug */ = {
			isa = XCBuildConfiguration;
			buildSettings = {
				ALWAYS_SEARCH_USER_PATHS = NO;
				ASSETCATALOG_COMPILER_GENERATE_SWIFT_ASSET_SYMBOL_EXTENSIONS = YES;
				CLANG_ANALYZER_NONNULL = YES;
				CLANG_ANALYZER_NUMBER_OBJECT_CONVERSION = YES_AGGRESSIVE;
				CLANG_CXX_LANGUAGE_STANDARD = "gnu++20";
				CLANG_ENABLE_MODULES = YES;
				CLANG_ENABLE_OBJC_ARC = YES;
				CLANG_ENABLE_OBJC_WEAK = YES;
				CLANG_WARN_BLOCK_CAPTURE_AUTORELEASING = YES;
				CLANG_WARN_BOOL_CONVERSION = YES;
				CLANG_WARN_COMMA = YES;
				CLANG_WARN_CONSTANT_CONVERSION = YES;
				CLANG_WARN_DEPRECATED_OBJC_IMPLEMENTATIONS = YES;
				CLANG_WARN_DIRECT_OBJC_ISA_USAGE = YES_ERROR;
				CLANG_WARN_DOCUMENTATION_COMMENTS = YES;
				CLANG_WARN_EMPTY_BODY = YES;
				CLANG_WARN_ENUM_CONVERSION = YES;
				CLANG_WARN_INFINITE_RECURSION = YES;
				CLANG_WARN_INT_CONVERSION = YES;
				CLANG_WARN_NON_LITERAL_NULL_CONVERSION = YES;
				CLANG_WARN_OBJC_IMPLICIT_RETAIN_SELF = YES;
				CLANG_WARN_OBJC_LITERAL_CONVERSION = YES;
				CLANG_WARN_OBJC_ROOT_CLASS = YES_ERROR;
				CLANG_WARN_QUOTED_INCLUDE_IN_FRAMEWORK_HEADER = YES;
				CLANG_WARN_RANGE_LOOP_ANALYSIS = YES;
				CLANG_WARN_STRICT_PROTOTYPES = YES;
				CLANG_WARN_SUSPICIOUS_MOVE = YES;
				CLANG_WARN_UNGUARDED_AVAILABILITY = YES_AGGRESSIVE;
				CLANG_WARN_UNREACHABLE_CODE = YES;
				CLANG_WARN__DUPLICATE_METHOD_MATCH = YES;
				COPY_PHASE_STRIP = NO;
				DEBUG_INFORMATION_FORMAT = dwarf;
				DEVELOPMENT_TEAM = AEYF632Y3N;
				ENABLE_STRICT_OBJC_MSGSEND = YES;
				ENABLE_TESTABILITY = YES;
				ENABLE_USER_SCRIPT_SANDBOXING = YES;
				GCC_C_LANGUAGE_STANDARD = gnu17;
				GCC_DYNAMIC_NO_PIC = NO;
				GCC_NO_COMMON_BLOCKS = YES;
				GCC_OPTIMIZATION_LEVEL = 0;
				GCC_PREPROCESSOR_DEFINITIONS = (
					"DEBUG=1",
					"$(inherited)",
				);
				GCC_WARN_64_TO_32_BIT_CONVERSION = YES;
				GCC_WARN_ABOUT_RETURN_TYPE = YES_ERROR;
				GCC_WARN_UNDECLARED_SELECTOR = YES;
				GCC_WARN_UNINITIALIZED_AUTOS = YES_AGGRESSIVE;
				GCC_WARN_UNUSED_FUNCTION = YES;
				GCC_WARN_UNUSED_VARIABLE = YES;
				LOCALIZATION_PREFERS_STRING_CATALOGS = YES;
				MACOSX_DEPLOYMENT_TARGET = 26.2;
				MTL_ENABLE_DEBUG_INFO = INCLUDE_SOURCE;
				MTL_FAST_MATH = YES;
				ONLY_ACTIVE_ARCH = YES;
				SDKROOT = macosx;
				SWIFT_ACTIVE_COMPILATION_CONDITIONS = "DEBUG $(inherited)";
				SWIFT_OPTIMIZATION_LEVEL = "-Onone";
				SWIFT_VERSION = 6.0;
			};
			name = Debug;
		};
		270FDA832EF70204002E835A /* Release */ = {
			isa = XCBuildConfiguration;
			buildSettings = {
				ALWAYS_SEARCH_USER_PATHS = NO;
				ASSETCATALOG_COMPILER_GENERATE_SWIFT_ASSET_SYMBOL_EXTENSIONS = YES;
				CLANG_ANALYZER_NONNULL = YES;
				CLANG_ANALYZER_NUMBER_OBJECT_CONVERSION = YES_AGGRESSIVE;
				CLANG_CXX_LANGUAGE_STANDARD = "gnu++20";
				CLANG_ENABLE_MODULES = YES;
				CLANG_ENABLE_OBJC_ARC = YES;
				CLANG_ENABLE_OBJC_WEAK = YES;
				CLANG_WARN_BLOCK_CAPTURE_AUTORELEASING = YES;
				CLANG_WARN_BOOL_CONVERSION = YES;
				CLANG_WARN_COMMA = YES;
				CLANG_WARN_CONSTANT_CONVERSION = YES;
				CLANG_WARN_DEPRECATED_OBJC_IMPLEMENTATIONS = YES;
				CLANG_WARN_DIRECT_OBJC_ISA_USAGE = YES_ERROR;
				CLANG_WARN_DOCUMENTATION_COMMENTS = YES;
				CLANG_WARN_EMPTY_BODY = YES;
				CLANG_WARN_ENUM_CONVERSION = YES;
				CLANG_WARN_INFINITE_RECURSION = YES;
				CLANG_WARN_INT_CONVERSION = YES;
				CLANG_WARN_NON_LITERAL_NULL_CONVERSION = YES;
				CLANG_WARN_OBJC_IMPLICIT_RETAIN_SELF = YES;
				CLANG_WARN_OBJC_LITERAL_CONVERSION = YES;
				CLANG_WARN_OBJC_ROOT_CLASS = YES_ERROR;
				CLANG_WARN_QUOTED_INCLUDE_IN_FRAMEWORK_HEADER = YES;
				CLANG_WARN_RANGE_LOOP_ANALYSIS = YES;
				CLANG_WARN_STRICT_PROTOTYPES = YES;
				CLANG_WARN_SUSPICIOUS_MOVE = YES;
				CLANG_WARN_UNGUARDED_AVAILABILITY = YES_AGGRESSIVE;
				CLANG_WARN_UNREACHABLE_CODE = YES;
				CLANG_WARN__DUPLICATE_METHOD_MATCH = YES;
				COPY_PHASE_STRIP = NO;
				DEBUG_INFORMATION_FORMAT = "dwarf-with-dsym";
				DEVELOPMENT_TEAM = AEYF632Y3N;
				ENABLE_NS_ASSERTIONS = NO;
				ENABLE_STRICT_OBJC_MSGSEND = YES;
				ENABLE_USER_SCRIPT_SANDBOXING = YES;
				GCC_C_LANGUAGE_STANDARD = gnu17;
				GCC_NO_COMMON_BLOCKS = YES;
				GCC_WARN_64_TO_32_BIT_CONVERSION = YES;
				GCC_WARN_ABOUT_RETURN_TYPE = YES_ERROR;
				GCC_WARN_UNDECLARED_SELECTOR = YES;
				GCC_WARN_UNINITIALIZED_AUTOS = YES_AGGRESSIVE;
				GCC_WARN_UNUSED_FUNCTION = YES;
				GCC_WARN_UNUSED_VARIABLE = YES;
				LOCALIZATION_PREFERS_STRING_CATALOGS = YES;
				MACOSX_DEPLOYMENT_TARGET = 26.2;
				MTL_ENABLE_DEBUG_INFO = NO;
				MTL_FAST_MATH = YES;
				SDKROOT = macosx;
				SWIFT_COMPILATION_MODE = wholemodule;
				SWIFT_VERSION = 6.0;
			};
			name = Release;
		};
		270FDA852EF70204002E835A /* Debug */ = {
			isa = XCBuildConfiguration;
			buildSettings = {
				ASSETCATALOG_COMPILER_APPICON_NAME = AppIcon;
				ASSETCATALOG_COMPILER_GLOBAL_ACCENT_COLOR_NAME = AccentColor;
				CODE_SIGN_STYLE = Automatic;
				COMBINE_HIDPI_IMAGES = YES;
				CURRENT_PROJECT_VERSION = 1;
				DEVELOPMENT_TEAM = AEYF632Y3N;
				ENABLE_APP_SANDBOX = NO;
				ENABLE_HARDENED_RUNTIME = YES;
				ENABLE_PREVIEWS = YES;
				ENABLE_USER_SELECTED_FILES = readwrite;
				GENERATE_INFOPLIST_FILE = YES;
				INFOPLIST_FILE = Archives/Info.plist;
				INFOPLIST_KEY_NSHumanReadableCopyright = "";
				LD_RUNPATH_SEARCH_PATHS = (
					"$(inherited)",
					"@executable_path/../Frameworks",
				);
				MARKETING_VERSION = 1.0;
				PRODUCT_BUNDLE_IDENTIFIER = com.2dubs.Archives;
				PRODUCT_NAME = "$(TARGET_NAME)";
				REGISTER_APP_GROUPS = YES;
				STRING_CATALOG_GENERATE_SYMBOLS = YES;
				SWIFT_APPROACHABLE_CONCURRENCY = YES;
				SWIFT_DEFAULT_ACTOR_ISOLATION = MainActor;
				SWIFT_EMIT_LOC_STRINGS = YES;
				SWIFT_UPCOMING_FEATURE_MEMBER_IMPORT_VISIBILITY = YES;
				SWIFT_VERSION = 5.0;
			};
			name = Debug;
		};
		270FDA862EF70204002E835A /* Release */ = {
			isa = XCBuildConfiguration;
			buildSettings = {
				ASSETCATALOG_COMPILER_APPICON_NAME = AppIcon;
				ASSETCATALOG_COMPILER_GLOBAL_ACCENT_COLOR_NAME = AccentColor;
				CODE_SIGN_STYLE = Automatic;
				COMBINE_HIDPI_IMAGES = YES;
				CURRENT_PROJECT_VERSION = 1;
				DEVELOPMENT_TEAM = AEYF632Y3N;
				ENABLE_APP_SANDBOX = NO;
				ENABLE_HARDENED_RUNTIME = YES;
				ENABLE_PREVIEWS = YES;
				ENABLE_USER_SELECTED_FILES = readwrite;
				GENERATE_INFOPLIST_FILE = YES;
				INFOPLIST_FILE = Archives/Info.plist;
				INFOPLIST_KEY_NSHumanReadableCopyright = "";
				LD_RUNPATH_SEARCH_PATHS = (
					"$(inherited)",
					"@executable_path/../Frameworks",
				);
				MARKETING_VERSION = 1.0;
				PRODUCT_BUNDLE_IDENTIFIER = com.2dubs.Archives;
				PRODUCT_NAME = "$(TARGET_NAME)";
				REGISTER_APP_GROUPS = YES;
				STRING_CATALOG_GENERATE_SYMBOLS = YES;
				SWIFT_APPROACHABLE_CONCURRENCY = YES;
				SWIFT_DEFAULT_ACTOR_ISOLATION = MainActor;
				SWIFT_EMIT_LOC_STRINGS = YES;
				SWIFT_UPCOMING_FEATURE_MEMBER_IMPORT_VISIBILITY = YES;
				SWIFT_VERSION = 5.0;
			};
			name = Release;
		};
		270FDA882EF70204002E835A /* Debug */ = {
			isa = XCBuildConfiguration;
			buildSettings = {
				BUNDLE_LOADER = "$(TEST_HOST)";
				CODE_SIGN_STYLE = Automatic;
				CURRENT_PROJECT_VERSION = 1;
				DEVELOPMENT_TEAM = AEYF632Y3N;
				GENERATE_INFOPLIST_FILE = YES;
				MACOSX_DEPLOYMENT_TARGET = 26.2;
				MARKETING_VERSION = 1.0;
				PRODUCT_BUNDLE_IDENTIFIER = com.2dubs.ArchivesTests;
				PRODUCT_NAME = "$(TARGET_NAME)";
				STRING_CATALOG_GENERATE_SYMBOLS = NO;
				SWIFT_APPROACHABLE_CONCURRENCY = YES;
				SWIFT_EMIT_LOC_STRINGS = NO;
				SWIFT_UPCOMING_FEATURE_MEMBER_IMPORT_VISIBILITY = YES;
				SWIFT_VERSION = 5.0;
				TEST_HOST = "$(BUILT_PRODUCTS_DIR)/Archives.app/$(BUNDLE_EXECUTABLE_FOLDER_PATH)/Archives";
			};
			name = Debug;
		};
		270FDA892EF70204002E835A /* Release */ = {
			isa = XCBuildConfiguration;
			buildSettings = {
				BUNDLE_LOADER = "$(TEST_HOST)";
				CODE_SIGN_STYLE = Automatic;
				CURRENT_PROJECT_VERSION = 1;
				DEVELOPMENT_TEAM = AEYF632Y3N;
				GENERATE_INFOPLIST_FILE = YES;
				MACOSX_DEPLOYMENT_TARGET = 26.2;
				MARKETING_VERSION = 1.0;
				PRODUCT_BUNDLE_IDENTIFIER = com.2dubs.ArchivesTests;
				PRODUCT_NAME = "$(TARGET_NAME)";
				STRING_CATALOG_GENERATE_SYMBOLS = NO;
				SWIFT_APPROACHABLE_CONCURRENCY = YES;
				SWIFT_EMIT_LOC_STRINGS = NO;
				SWIFT_UPCOMING_FEATURE_MEMBER_IMPORT_VISIBILITY = YES;
				SWIFT_VERSION = 5.0;
				TEST_HOST = "$(BUILT_PRODUCTS_DIR)/Archives.app/$(BUNDLE_EXECUTABLE_FOLDER_PATH)/Archives";
			};
			name = Release;
		};
		270FDA8B2EF70204002E835A /* Debug */ = {
			isa = XCBuildConfiguration;
			buildSettings = {
				CODE_SIGN_STYLE = Automatic;
				CURRENT_PROJECT_VERSION = 1;
				DEVELOPMENT_TEAM = AEYF632Y3N;
				GENERATE_INFOPLIST_FILE = YES;
				MARKETING_VERSION = 1.0;
				PRODUCT_BUNDLE_IDENTIFIER = com.2dubs.ArchivesUITests;
				PRODUCT_NAME = "$(TARGET_NAME)";
				STRING_CATALOG_GENERATE_SYMBOLS = NO;
				SWIFT_APPROACHABLE_CONCURRENCY = YES;
				SWIFT_EMIT_LOC_STRINGS = NO;
				SWIFT_UPCOMING_FEATURE_MEMBER_IMPORT_VISIBILITY = YES;
				SWIFT_VERSION = 5.0;
				TEST_TARGET_NAME = Archives;
			};
			name = Debug;
		};
		270FDA8C2EF70204002E835A /* Release */ = {
			isa = XCBuildConfiguration;
			buildSettings = {
				CODE_SIGN_STYLE = Automatic;
				CURRENT_PROJECT_VERSION = 1;
				DEVELOPMENT_TEAM = AEYF632Y3N;
				GENERATE_INFOPLIST_FILE = YES;
				MARKETING_VERSION = 1.0;
				PRODUCT_BUNDLE_IDENTIFIER = com.2dubs.ArchivesUITests;
				PRODUCT_NAME = "$(TARGET_NAME)";
				STRING_CATALOG_GENERATE_SYMBOLS = NO;
				SWIFT_APPROACHABLE_CONCURRENCY = YES;
				SWIFT_EMIT_LOC_STRINGS = NO;
				SWIFT_UPCOMING_FEATURE_MEMBER_IMPORT_VISIBILITY = YES;
				SWIFT_VERSION = 5.0;
				TEST_TARGET_NAME = Archives;
			};
			name = Release;
		};
/* End XCBuildConfiguration section */

/* Begin XCConfigurationList section */
		270FDA5E2EF70203002E835A /* Build configuration list for PBXProject "Archives" */ = {
			isa = XCConfigurationList;
			buildConfigurations = (
				270FDA822EF70204002E835A /* Debug */,
				270FDA832EF70204002E835A /* Release */,
			);
			defaultConfigurationIsVisible = 0;
			defaultConfigurationName = Release;
		};
		270FDA842EF70204002E835A /* Build configuration list for PBXNativeTarget "Archives" */ = {
			isa = XCConfigurationList;
			buildConfigurations = (
				270FDA852EF70204002E835A /* Debug */,
				270FDA862EF70204002E835A /* Release */,
			);
			defaultConfigurationIsVisible = 0;
			defaultConfigurationName = Release;
		};
		270FDA872EF70204002E835A /* Build configuration list for PBXNativeTarget "ArchivesTests" */ = {
			isa = XCConfigurationList;
			buildConfigurations = (
				270FDA882EF70204002E835A /* Debug */,
				270FDA892EF70204002E835A /* Release */,
			);
			defaultConfigurationIsVisible = 0;
			defaultConfigurationName = Release;
		};
		270FDA8A2EF70204002E835A /* Build configuration list for PBXNativeTarget "ArchivesUITests" */ = {
			isa = XCConfigurationList;
			buildConfigurations = (
				270FDA8B2EF70204002E835A /* Debug */,
				270FDA8C2EF70204002E835A /* Release */,
			);
			defaultConfigurationIsVisible = 0;
			defaultConfigurationName = Release;
		};
/* End XCConfigurationList section */

/* Begin XCRemoteSwiftPackageReference section */
		270FDA8D2EF70300002E835A /* XCRemoteSwiftPackageReference "swift-subprocess" */ = {
			isa = XCRemoteSwiftPackageReference;
			repositoryURL = "https://github.com/swiftlang/swift-subprocess.git";
			requirement = {
				kind = upToNextMajorVersion;
				minimumVersion = 0.0.1;
			};
		};
		270FDA8F2EF70400002E835A /* XCRemoteSwiftPackageReference "fp-swift" */ = {
			isa = XCRemoteSwiftPackageReference;
			repositoryURL = "https://github.com/velocityzen/fp-swift.git";
			requirement = {
				kind = upToNextMajorVersion;
				minimumVersion = 0.2.0;
			};
		};
/* End XCRemoteSwiftPackageReference section */

/* Begin XCSwiftPackageProductDependency section */
		270FDA8E2EF70300002E835A /* Subprocess */ = {
			isa = XCSwiftPackageProductDependency;
			package = 270FDA8D2EF70300002E835A /* XCRemoteSwiftPackageReference "swift-subprocess" */;
			productName = Subprocess;
		};
		270FDA902EF70400002E835A /* FP */ = {
			isa = XCSwiftPackageProductDependency;
			package = 270FDA8F2EF70400002E835A /* XCRemoteSwiftPackageReference "fp-swift" */;
			productName = FP;
		};
/* End XCSwiftPackageProductDependency section */
	};
	rootObject = 270FDA5B2EF70203002E835A /* Project object */;
}
